
Microsoft Visual Studio Solution File, Format Version 12.00
# Visual Studio Version 17
VisualStudioVersion = 17.0.31903.59
MinimumVisualStudioVersion = 10.0.40219.1
Project("{2150E333-8FDC-42A3-9474-1A3956D46DE8}") = "app", "app", "{0338581E-07BD-41E1-98C9-C0ECF5E56A67}"
EndProject
Project("{FAE04EC0-301F-11D3-BF4B-00C04F79EFBC}") = "dotnet-app", "app\dotnet-app\dotnet-app.csproj", "{33DDDDE8-C93A-4DDD-BE66-08D3357BB5AC}"
EndProject
Global
	GlobalSection(SolutionConfigurationPlatforms) = preSolution
		Debug|Any CPU = Debug|Any CPU
		Release|Any CPU = Release|Any CPU
	EndGlobalSection
	GlobalSection(SolutionProperties) = preSolution
		HideSolutionNode = FALSE
	EndGlobalSection
	GlobalSection(ProjectConfigurationPlatforms) = postSolution
		{33DDDDE8-C93A-4DDD-BE66-08D3357BB5AC}.Debug|Any CPU.ActiveCfg = Debug|Any CPU
		{33DDDDE8-C93A-4DDD-BE66-08D3357BB5AC}.Debug|Any CPU.Build.0 = Debug|Any CPU
		{33DDDDE8-C93A-4DDD-BE66-08D3357BB5AC}.Release|Any CPU.ActiveCfg = Release|Any CPU
		{33DDDDE8-C93A-4DDD-BE66-08D3357BB5AC}.Release|Any CPU.Build.0 = Release|Any CPU
	EndGlobalSection
	GlobalSection(NestedProjects) = preSolution
		{33DDDDE8-C93A-4DDD-BE66-08D3357BB5AC} = {0338581E-07BD-41E1-98C9-C0ECF5E56A67}
	EndGlobalSection
EndGlobal
